// !$*UTF8*$!
{
	archiveVersion = 1;
	classes = {
	};
	objectVersion = 46;
	objects = {

/* Begin PBXBuildFile section */
		611FA6D21F4BB91C00000ED6 /* NoteViewController.swift in Sources */ = {isa = PBXBuildFile; fileRef = 611FA6D11F4BB91C00000ED6 /* NoteViewController.swift */; };
		614EA9401F38D713000993D2 /* AppDelegate.swift in Sources */ = {isa = PBXBuildFile; fileRef = 614EA93F1F38D713000993D2 /* AppDelegate.swift */; };
		614EA9421F38D713000993D2 /* ViewController.swift in Sources */ = {isa = PBXBuildFile; fileRef = 614EA9411F38D713000993D2 /* ViewController.swift */; };
		614EA9451F38D713000993D2 /* Main.storyboard in Resources */ = {isa = PBXBuildFile; fileRef = 614EA9431F38D713000993D2 /* Main.storyboard */; };
		614EA9481F38D713000993D2 /* pensiveSwift3.xcdatamodeld in Sources */ = {isa = PBXBuildFile; fileRef = 614EA9461F38D713000993D2 /* pensiveSwift3.xcdatamodeld */; };
		614EA94A1F38D713000993D2 /* Assets.xcassets in Resources */ = {isa = PBXBuildFile; fileRef = 614EA9491F38D713000993D2 /* Assets.xcassets */; };
		614EA94D1F38D713000993D2 /* LaunchScreen.storyboard in Resources */ = {isa = PBXBuildFile; fileRef = 614EA94B1F38D713000993D2 /* LaunchScreen.storyboard */; };
		614EA9551F38F17D000993D2 /* DayCollectionViewCell.swift in Sources */ = {isa = PBXBuildFile; fileRef = 614EA9541F38F17D000993D2 /* DayCollectionViewCell.swift */; };
		61A91AEA1F4A100E00AC6514 /* NotificationViewController.swift in Sources */ = {isa = PBXBuildFile; fileRef = 61A91AE91F4A100E00AC6514 /* NotificationViewController.swift */; };
		61A91B0B1F4B533100AC6514 /* Day+CoreDataClass.swift in Sources */ = {isa = PBXBuildFile; fileRef = 61A91B071F4B533100AC6514 /* Day+CoreDataClass.swift */; };
		61A91B0C1F4B533100AC6514 /* Day+CoreDataProperties.swift in Sources */ = {isa = PBXBuildFile; fileRef = 61A91B081F4B533100AC6514 /* Day+CoreDataProperties.swift */; };
		61A91B0D1F4B533100AC6514 /* Note+CoreDataClass.swift in Sources */ = {isa = PBXBuildFile; fileRef = 61A91B091F4B533100AC6514 /* Note+CoreDataClass.swift */; };
		61A91B0E1F4B533100AC6514 /* Note+CoreDataProperties.swift in Sources */ = {isa = PBXBuildFile; fileRef = 61A91B0A1F4B533100AC6514 /* Note+CoreDataProperties.swift */; };
		61B2B4A31F520BC200BF9D60 /* SearchViewController.swift in Sources */ = {isa = PBXBuildFile; fileRef = 61B2B4A21F520BC200BF9D60 /* SearchViewController.swift */; };
		61DB0C171F4DF8E0001D4522 /* DataController.swft.swift in Sources */ = {isa = PBXBuildFile; fileRef = 61DB0C161F4DF8E0001D4522 /* DataController.swft.swift */; };
/* End PBXBuildFile section */

/* Begin PBXFileReference section */
		611FA6D11F4BB91C00000ED6 /* NoteViewController.swift */ = {isa = PBXFileReference; fileEncoding = 4; lastKnownFileType = sourcecode.swift; path = NoteViewController.swift; sourceTree = "<group>"; };
		614EA93C1F38D713000993D2 /* pensiveSwift3.app */ = {isa = PBXFileReference; explicitFileType = wrapper.application; includeInIndex = 0; path = pensiveSwift3.app; sourceTree = BUILT_PRODUCTS_DIR; };
		614EA93F1F38D713000993D2 /* AppDelegate.swift */ = {isa = PBXFileReference; lastKnownFileType = sourcecode.swift; path = AppDelegate.swift; sourceTree = "<group>"; };
		614EA9411F38D713000993D2 /* ViewController.swift */ = {isa = PBXFileReference; lastKnownFileType = sourcecode.swift; path = ViewController.swift; sourceTree = "<group>"; };
		614EA9441F38D713000993D2 /* Base */ = {isa = PBXFileReference; lastKnownFileType = file.storyboard; name = Base; path = Base.lproj/Main.storyboard; sourceTree = "<group>"; };
		614EA9471F38D713000993D2 /* pensiveSwift3.xcdatamodel */ = {isa = PBXFileReference; lastKnownFileType = wrapper.xcdatamodel; path = pensiveSwift3.xcdatamodel; sourceTree = "<group>"; };
		614EA9491F38D713000993D2 /* Assets.xcassets */ = {isa = PBXFileReference; lastKnownFileType = folder.assetcatalog; path = Assets.xcassets; sourceTree = "<group>"; };
		614EA94C1F38D713000993D2 /* Base */ = {isa = PBXFileReference; lastKnownFileType = file.storyboard; name = Base; path = Base.lproj/LaunchScreen.storyboard; sourceTree = "<group>"; };
		614EA94E1F38D713000993D2 /* Info.plist */ = {isa = PBXFileReference; lastKnownFileType = text.plist.xml; path = Info.plist; sourceTree = "<group>"; };
		614EA9541F38F17D000993D2 /* DayCollectionViewCell.swift */ = {isa = PBXFileReference; fileEncoding = 4; lastKnownFileType = sourcecode.swift; path = DayCollectionViewCell.swift; sourceTree = "<group>"; };
		61A91AE91F4A100E00AC6514 /* NotificationViewController.swift */ = {isa = PBXFileReference; fileEncoding = 4; lastKnownFileType = sourcecode.swift; path = NotificationViewController.swift; sourceTree = "<group>"; };
		61A91B071F4B533100AC6514 /* Day+CoreDataClass.swift */ = {isa = PBXFileReference; fileEncoding = 4; lastKnownFileType = sourcecode.swift; path = "Day+CoreDataClass.swift"; sourceTree = "<group>"; };
		61A91B081F4B533100AC6514 /* Day+CoreDataProperties.swift */ = {isa = PBXFileReference; fileEncoding = 4; lastKnownFileType = sourcecode.swift; path = "Day+CoreDataProperties.swift"; sourceTree = "<group>"; };
		61A91B091F4B533100AC6514 /* Note+CoreDataClass.swift */ = {isa = PBXFileReference; fileEncoding = 4; lastKnownFileType = sourcecode.swift; path = "Note+CoreDataClass.swift"; sourceTree = "<group>"; };
		61A91B0A1F4B533100AC6514 /* Note+CoreDataProperties.swift */ = {isa = PBXFileReference; fileEncoding = 4; lastKnownFileType = sourcecode.swift; path = "Note+CoreDataProperties.swift"; sourceTree = "<group>"; };
		61B2B4A21F520BC200BF9D60 /* SearchViewController.swift */ = {isa = PBXFileReference; fileEncoding = 4; lastKnownFileType = sourcecode.swift; path = SearchViewController.swift; sourceTree = "<group>"; };
		61DB0C161F4DF8E0001D4522 /* DataController.swft.swift */ = {isa = PBXFileReference; fileEncoding = 4; lastKnownFileType = sourcecode.swift; path = DataController.swft.swift; sourceTree = "<group>"; };
/* End PBXFileReference section */

/* Begin PBXFrameworksBuildPhase section */
		614EA9391F38D713000993D2 /* Frameworks */ = {
			isa = PBXFrameworksBuildPhase;
			buildActionMask = 2147483647;
			files = (
			);
			runOnlyForDeploymentPostprocessing = 0;
		};
/* End PBXFrameworksBuildPhase section */

/* Begin PBXGroup section */
		614EA9331F38D713000993D2 = {
			isa = PBXGroup;
			children = (
				61A91B071F4B533100AC6514 /* Day+CoreDataClass.swift */,
				61A91B081F4B533100AC6514 /* Day+CoreDataProperties.swift */,
				61A91B091F4B533100AC6514 /* Note+CoreDataClass.swift */,
				61A91B0A1F4B533100AC6514 /* Note+CoreDataProperties.swift */,
				614EA93E1F38D713000993D2 /* pensiveSwift3 */,
				614EA93D1F38D713000993D2 /* Products */,
				61614C7F1F3A6A070068AFAA /* Frameworks */,
			);
			sourceTree = "<group>";
		};
		614EA93D1F38D713000993D2 /* Products */ = {
			isa = PBXGroup;
			children = (
				614EA93C1F38D713000993D2 /* pensiveSwift3.app */,
			);
			name = Products;
			sourceTree = "<group>";
		};
		614EA93E1F38D713000993D2 /* pensiveSwift3 */ = {
			isa = PBXGroup;
			children = (
				614EA93F1F38D713000993D2 /* AppDelegate.swift */,
				614EA9411F38D713000993D2 /* ViewController.swift */,
				61DB0C161F4DF8E0001D4522 /* DataController.swft.swift */,
				611FA6D11F4BB91C00000ED6 /* NoteViewController.swift */,
				61A91AE91F4A100E00AC6514 /* NotificationViewController.swift */,
				614EA9541F38F17D000993D2 /* DayCollectionViewCell.swift */,
				614EA9431F38D713000993D2 /* Main.storyboard */,
				614EA9491F38D713000993D2 /* Assets.xcassets */,
				614EA94B1F38D713000993D2 /* LaunchScreen.storyboard */,
				614EA94E1F38D713000993D2 /* Info.plist */,
				614EA9461F38D713000993D2 /* pensiveSwift3.xcdatamodeld */,
				61B2B4A21F520BC200BF9D60 /* SearchViewController.swift */,
			);
			path = pensiveSwift3;
			sourceTree = "<group>";
		};
		61614C7F1F3A6A070068AFAA /* Frameworks */ = {
			isa = PBXGroup;
			children = (
			);
			name = Frameworks;
			sourceTree = "<group>";
		};
/* End PBXGroup section */

/* Begin PBXNativeTarget section */
		614EA93B1F38D713000993D2 /* pensiveSwift3 */ = {
			isa = PBXNativeTarget;
			buildConfigurationList = 614EA9511F38D713000993D2 /* Build configuration list for PBXNativeTarget "pensiveSwift3" */;
			buildPhases = (
				614EA9381F38D713000993D2 /* Sources */,
				614EA9391F38D713000993D2 /* Frameworks */,
				614EA93A1F38D713000993D2 /* Resources */,
			);
			buildRules = (
			);
			dependencies = (
			);
			name = pensiveSwift3;
			productName = pensiveSwift3;
			productReference = 614EA93C1F38D713000993D2 /* pensiveSwift3.app */;
			productType = "com.apple.product-type.application";
		};
/* End PBXNativeTarget section */

/* Begin PBXProject section */
		614EA9341F38D713000993D2 /* Project object */ = {
			isa = PBXProject;
			attributes = {
				LastSwiftUpdateCheck = 0830;
				LastUpgradeCheck = 0830;
				ORGANIZATIONNAME = "Jack Borthwick";
				TargetAttributes = {
					614EA93B1F38D713000993D2 = {
						CreatedOnToolsVersion = 8.3.2;
						DevelopmentTeam = B6KTEGLXGH;
						ProvisioningStyle = Automatic;
						SystemCapabilities = {
							com.apple.Maps.iOS = {
								enabled = 0;
							};
						};
					};
				};
			};
			buildConfigurationList = 614EA9371F38D713000993D2 /* Build configuration list for PBXProject "pensiveSwift3" */;
			compatibilityVersion = "Xcode 3.2";
			developmentRegion = English;
			hasScannedForEncodings = 0;
			knownRegions = (
				en,
				Base,
			);
			mainGroup = 614EA9331F38D713000993D2;
			productRefGroup = 614EA93D1F38D713000993D2 /* Products */;
			projectDirPath = "";
			projectRoot = "";
			targets = (
				614EA93B1F38D713000993D2 /* pensiveSwift3 */,
			);
		};
/* End PBXProject section */

/* Begin PBXResourcesBuildPhase section */
		614EA93A1F38D713000993D2 /* Resources */ = {
			isa = PBXResourcesBuildPhase;
			buildActionMask = 2147483647;
			files = (
				614EA94D1F38D713000993D2 /* LaunchScreen.storyboard in Resources */,
				614EA94A1F38D713000993D2 /* Assets.xcassets in Resources */,
				614EA9451F38D713000993D2 /* Main.storyboard in Resources */,
			);
			runOnlyForDeploymentPostprocessing = 0;
		};
/* End PBXResourcesBuildPhase section */

/* Begin PBXSourcesBuildPhase section */
		614EA9381F38D713000993D2 /* Sources */ = {
			isa = PBXSourcesBuildPhase;
			buildActionMask = 2147483647;
			files = (
				61A91B0B1F4B533100AC6514 /* Day+CoreDataClass.swift in Sources */,
				61A91AEA1F4A100E00AC6514 /* NotificationViewController.swift in Sources */,
				614EA9481F38D713000993D2 /* pensiveSwift3.xcdatamodeld in Sources */,
				614EA9421F38D713000993D2 /* ViewController.swift in Sources */,
				614EA9401F38D713000993D2 /* AppDelegate.swift in Sources */,
				61DB0C171F4DF8E0001D4522 /* DataController.swft.swift in Sources */,
				61B2B4A31F520BC200BF9D60 /* SearchViewController.swift in Sources */,
				61A91B0D1F4B533100AC6514 /* Note+CoreDataClass.swift in Sources */,
				614EA9551F38F17D000993D2 /* DayCollectionViewCell.swift in Sources */,
				61A91B0C1F4B533100AC6514 /* Day+CoreDataProperties.swift in Sources */,
				611FA6D21F4BB91C00000ED6 /* NoteViewController.swift in Sources */,
				61A91B0E1F4B533100AC6514 /* Note+CoreDataProperties.swift in Sources */,
			);
			runOnlyForDeploymentPostprocessing = 0;
		};
/* End PBXSourcesBuildPhase section */

/* Begin PBXVariantGroup section */
		614EA9431F38D713000993D2 /* Main.storyboard */ = {
			isa = PBXVariantGroup;
			children = (
				614EA9441F38D713000993D2 /* Base */,
			);
			name = Main.storyboard;
			sourceTree = "<group>";
		};
		614EA94B1F38D713000993D2 /* LaunchScreen.storyboard */ = {
			isa = PBXVariantGroup;
			children = (
				614EA94C1F38D713000993D2 /* Base */,
			);
			name = LaunchScreen.storyboard;
			sourceTree = "<group>";
		};
/* End PBXVariantGroup section */

/* Begin XCBuildConfiguration section */
		614EA94F1F38D713000993D2 /* Debug */ = {
			isa = XCBuildConfiguration;
			buildSettings = {
				ALWAYS_SEARCH_USER_PATHS = NO;
				CLANG_ANALYZER_NONNULL = YES;
				CLANG_ANALYZER_NUMBER_OBJECT_CONVERSION = YES_AGGRESSIVE;
				CLANG_CXX_LANGUAGE_STANDARD = "gnu++0x";
				CLANG_CXX_LIBRARY = "libc++";
				CLANG_ENABLE_MODULES = YES;
				CLANG_ENABLE_OBJC_ARC = YES;
				CLANG_WARN_BOOL_CONVERSION = YES;
				CLANG_WARN_CONSTANT_CONVERSION = YES;
				CLANG_WARN_DIRECT_OBJC_ISA_USAGE = YES_ERROR;
				CLANG_WARN_DOCUMENTATION_COMMENTS = YES;
				CLANG_WARN_EMPTY_BODY = YES;
				CLANG_WARN_ENUM_CONVERSION = YES;
				CLANG_WARN_INFINITE_RECURSION = YES;
				CLANG_WARN_INT_CONVERSION = YES;
				CLANG_WARN_OBJC_ROOT_CLASS = YES_ERROR;
				CLANG_WARN_SUSPICIOUS_MOVE = YES;
				CLANG_WARN_UNREACHABLE_CODE = YES;
				CLANG_WARN__DUPLICATE_METHOD_MATCH = YES;
				"CODE_SIGN_IDENTITY[sdk=iphoneos*]" = "iPhone Developer";
				COPY_PHASE_STRIP = NO;
				DEBUG_INFORMATION_FORMAT = dwarf;
				ENABLE_STRICT_OBJC_MSGSEND = YES;
				ENABLE_TESTABILITY = YES;
				GCC_C_LANGUAGE_STANDARD = gnu99;
				GCC_DYNAMIC_NO_PIC = NO;
				GCC_NO_COMMON_BLOCKS = YES;
				GCC_OPTIMIZATION_LEVEL = 0;
				GCC_PREPROCESSOR_DEFINITIONS = (
					"DEBUG=1",
					"$(inherited)",
				);
				GCC_WARN_64_TO_32_BIT_CONVERSION = YES;
				GCC_WARN_ABOUT_RETURN_TYPE = YES_ERROR;
				GCC_WARN_UNDECLARED_SELECTOR = YES;
				GCC_WARN_UNINITIALIZED_AUTOS = YES_AGGRESSIVE;
				GCC_WARN_UNUSED_FUNCTION = YES;
				GCC_WARN_UNUSED_VARIABLE = YES;
				IPHONEOS_DEPLOYMENT_TARGET = 10.3;
				MTL_ENABLE_DEBUG_INFO = YES;
				ONLY_ACTIVE_ARCH = YES;
				SDKROOT = iphoneos;
				SWIFT_ACTIVE_COMPILATION_CONDITIONS = DEBUG;
				SWIFT_OPTIMIZATION_LEVEL = "-Onone";
				TARGETED_DEVICE_FAMILY = "1,2";
			};
			name = Debug;
		};
		614EA9501F38D713000993D2 /* Release */ = {
			isa = XCBuildConfiguration;
			buildSettings = {
				ALWAYS_SEARCH_USER_PATHS = NO;
				CLANG_ANALYZER_NONNULL = YES;
				CLANG_ANALYZER_NUMBER_OBJECT_CONVERSION = YES_AGGRESSIVE;
				CLANG_CXX_LANGUAGE_STANDARD = "gnu++0x";
				CLANG_CXX_LIBRARY = "libc++";
				CLANG_ENABLE_MODULES = YES;
				CLANG_ENABLE_OBJC_ARC = YES;
				CLANG_WARN_BOOL_CONVERSION = YES;
				CLANG_WARN_CONSTANT_CONVERSION = YES;
				CLANG_WARN_DIRECT_OBJC_ISA_USAGE = YES_ERROR;
				CLANG_WARN_DOCUMENTATION_COMMENTS = YES;
				CLANG_WARN_EMPTY_BODY = YES;
				CLANG_WARN_ENUM_CONVERSION = YES;
				CLANG_WARN_INFINITE_RECURSION = YES;
				CLANG_WARN_INT_CONVERSION = YES;
				CLANG_WARN_OBJC_ROOT_CLASS = YES_ERROR;
				CLANG_WARN_SUSPICIOUS_MOVE = YES;
				CLANG_WARN_UNREACHABLE_CODE = YES;
				CLANG_WARN__DUPLICATE_METHOD_MATCH = YES;
				"CODE_SIGN_IDENTITY[sdk=iphoneos*]" = "iPhone Developer";
				COPY_PHASE_STRIP = NO;
				DEBUG_INFORMATION_FORMAT = "dwarf-with-dsym";
				ENABLE_NS_ASSERTIONS = NO;
				ENABLE_STRICT_OBJC_MSGSEND = YES;
				GCC_C_LANGUAGE_STANDARD = gnu99;
				GCC_NO_COMMON_BLOCKS = YES;
				GCC_WARN_64_TO_32_BIT_CONVERSION = YES;
				GCC_WARN_ABOUT_RETURN_TYPE = YES_ERROR;
				GCC_WARN_UNDECLARED_SELECTOR = YES;
				GCC_WARN_UNINITIALIZED_AUTOS = YES_AGGRESSIVE;
				GCC_WARN_UNUSED_FUNCTION = YES;
				GCC_WARN_UNUSED_VARIABLE = YES;
				IPHONEOS_DEPLOYMENT_TARGET = 10.3;
				MTL_ENABLE_DEBUG_INFO = NO;
				SDKROOT = iphoneos;
				SWIFT_OPTIMIZATION_LEVEL = "-Owholemodule";
				TARGETED_DEVICE_FAMILY = "1,2";
				VALIDATE_PRODUCT = YES;
			};
			name = Release;
		};
		614EA9521F38D713000993D2 /* Debug */ = {
			isa = XCBuildConfiguration;
			buildSettings = {
				ASSETCATALOG_COMPILER_APPICON_NAME = AppIcon;
				DEVELOPMENT_TEAM = B6KTEGLXGH;
				INFOPLIST_FILE = pensiveSwift3/Info.plist;
				LD_RUNPATH_SEARCH_PATHS = "$(inherited) @executable_path/Frameworks";
				PRODUCT_BUNDLE_IDENTIFIER = com.JackBorthwick.pensiveSwift3;
				PRODUCT_NAME = "$(TARGET_NAME)";
				SWIFT_VERSION = 3.0;
			};
			name = Debug;
		};
		614EA9531F38D713000993D2 /* Release */ = {
			isa = XCBuildConfiguration;
			buildSettings = {
				ASSETCATALOG_COMPILER_APPICON_NAME = AppIcon;
				DEVELOPMENT_TEAM = B6KTEGLXGH;
				INFOPLIST_FILE = pensiveSwift3/Info.plist;
				LD_RUNPATH_SEARCH_PATHS = "$(inherited) @executable_path/Frameworks";
				PRODUCT_BUNDLE_IDENTIFIER = com.JackBorthwick.pensiveSwift3;
				PRODUCT_NAME = "$(TARGET_NAME)";
				SWIFT_VERSION = 3.0;
			};
			name = Release;
		};
/* End XCBuildConfiguration section */

/* Begin XCConfigurationList section */
		614EA9371F38D713000993D2 /* Build configuration list for PBXProject "pensiveSwift3" */ = {
			isa = XCConfigurationList;
			buildConfigurations = (
				614EA94F1F38D713000993D2 /* Debug */,
				614EA9501F38D713000993D2 /* Release */,
			);
			defaultConfigurationIsVisible = 0;
			defaultConfigurationName = Release;
		};
		614EA9511F38D713000993D2 /* Build configuration list for PBXNativeTarget "pensiveSwift3" */ = {
			isa = XCConfigurationList;
			buildConfigurations = (
				614EA9521F38D713000993D2 /* Debug */,
				614EA9531F38D713000993D2 /* Release */,
			);
			defaultConfigurationIsVisible = 0;
			defaultConfigurationName = Release;
		};
/* End XCConfigurationList section */

/* Begin XCVersionGroup section */
		614EA9461F38D713000993D2 /* pensiveSwift3.xcdatamodeld */ = {
			isa = XCVersionGroup;
			children = (
				614EA9471F38D713000993D2 /* pensiveSwift3.xcdatamodel */,
			);
			currentVersion = 614EA9471F38D713000993D2 /* pensiveSwift3.xcdatamodel */;
			path = pensiveSwift3.xcdatamodeld;
			sourceTree = "<group>";
			versionGroupType = wrapper.xcdatamodel;
		};
/* End XCVersionGroup section */
	};
	rootObject = 614EA9341F38D713000993D2 /* Project object */;
}
